// !$*UTF8*$!
{
	archiveVersion = 1;
	classes = {
	};
	objectVersion = 46;
	objects = {

/* Begin PBXBuildFile section */
		205991F11AEF4283001ED590 /* main.m in Sources */ = {isa = PBXBuildFile; fileRef = 205991F01AEF4283001ED590 /* main.m */; };
		205991F41AEF4283001ED590 /* AppDelegate.m in Sources */ = {isa = PBXBuildFile; fileRef = 205991F31AEF4283001ED590 /* AppDelegate.m */; };
		205991F71AEF4283001ED590 /* ViewController.m in Sources */ = {isa = PBXBuildFile; fileRef = 205991F61AEF4283001ED590 /* ViewController.m */; };
		205991FA1AEF4283001ED590 /* Main.storyboard in Resources */ = {isa = PBXBuildFile; fileRef = 205991F81AEF4283001ED590 /* Main.storyboard */; };
		205991FC1AEF4283001ED590 /* Images.xcassets in Resources */ = {isa = PBXBuildFile; fileRef = 205991FB1AEF4283001ED590 /* Images.xcassets */; };
		205991FF1AEF4283001ED590 /* LaunchScreen.xib in Resources */ = {isa = PBXBuildFile; fileRef = 205991FD1AEF4283001ED590 /* LaunchScreen.xib */; };
		2059920B1AEF4284001ED590 /* WhiteboardTests.m in Sources */ = {isa = PBXBuildFile; fileRef = 2059920A1AEF4284001ED590 /* WhiteboardTests.m */; };
		205992151AEF4452001ED590 /* WhiteBoard.m in Sources */ = {isa = PBXBuildFile; fileRef = 205992141AEF4452001ED590 /* WhiteBoard.m */; };
/* End PBXBuildFile section */

/* Begin PBXContainerItemProxy section */
		205992051AEF4284001ED590 /* PBXContainerItemProxy */ = {
			isa = PBXContainerItemProxy;
			containerPortal = 205991E31AEF4283001ED590 /* Project object */;
			proxyType = 1;
			remoteGlobalIDString = 205991EA1AEF4283001ED590;
			remoteInfo = Whiteboard;
		};
/* End PBXContainerItemProxy section */

/* Begin PBXFileReference section */
		205991EB1AEF4283001ED590 /* Whiteboard.app */ = {isa = PBXFileReference; explicitFileType = wrapper.application; includeInIndex = 0; path = Whiteboard.app; sourceTree = BUILT_PRODUCTS_DIR; };
		205991EF1AEF4283001ED590 /* Info.plist */ = {isa = PBXFileReference; lastKnownFileType = text.plist.xml; path = Info.plist; sourceTree = "<group>"; };
		205991F01AEF4283001ED590 /* main.m */ = {isa = PBXFileReference; lastKnownFileType = sourcecode.c.objc; path = main.m; sourceTree = "<group>"; };
		205991F21AEF4283001ED590 /* AppDelegate.h */ = {isa = PBXFileReference; lastKnownFileType = sourcecode.c.h; path = AppDelegate.h; sourceTree = "<group>"; };
		205991F31AEF4283001ED590 /* AppDelegate.m */ = {isa = PBXFileReference; lastKnownFileType = sourcecode.c.objc; path = AppDelegate.m; sourceTree = "<group>"; };
		205991F51AEF4283001ED590 /* ViewController.h */ = {isa = PBXFileReference; lastKnownFileType = sourcecode.c.h; path = ViewController.h; sourceTree = "<group>"; };
		205991F61AEF4283001ED590 /* ViewController.m */ = {isa = PBXFileReference; lastKnownFileType = sourcecode.c.objc; path = ViewController.m; sourceTree = "<group>"; };
		205991F91AEF4283001ED590 /* Base */ = {isa = PBXFileReference; lastKnownFileType = file.storyboard; name = Base; path = Base.lproj/Main.storyboard; sourceTree = "<group>"; };
		205991FB1AEF4283001ED590 /* Images.xcassets */ = {isa = PBXFileReference; lastKnownFileType = folder.assetcatalog; path = Images.xcassets; sourceTree = "<group>"; };
		205991FE1AEF4283001ED590 /* Base */ = {isa = PBXFileReference; lastKnownFileType = file.xib; name = Base; path = Base.lproj/LaunchScreen.xib; sourceTree = "<group>"; };
		205992041AEF4284001ED590 /* WhiteboardTests.xctest */ = {isa = PBXFileReference; explicitFileType = wrapper.cfbundle; includeInIndex = 0; path = WhiteboardTests.xctest; sourceTree = BUILT_PRODUCTS_DIR; };
		205992091AEF4284001ED590 /* Info.plist */ = {isa = PBXFileReference; lastKnownFileType = text.plist.xml; path = Info.plist; sourceTree = "<group>"; };
		2059920A1AEF4284001ED590 /* WhiteboardTests.m */ = {isa = PBXFileReference; lastKnownFileType = sourcecode.c.objc; path = WhiteboardTests.m; sourceTree = "<group>"; };
		205992141AEF4452001ED590 /* WhiteBoard.m */ = {isa = PBXFileReference; fileEncoding = 4; lastKnownFileType = sourcecode.c.objc; path = WhiteBoard.m; sourceTree = "<group>"; };
		205992161AEF446E001ED590 /* WhiteBoard.h */ = {isa = PBXFileReference; lastKnownFileType = sourcecode.c.h; path = WhiteBoard.h; sourceTree = "<group>"; };
/* End PBXFileReference section */

/* Begin PBXFrameworksBuildPhase section */
		205991E81AEF4283001ED590 /* Frameworks */ = {
			isa = PBXFrameworksBuildPhase;
			buildActionMask = 2147483647;
			files = (
			);
			runOnlyForDeploymentPostprocessing = 0;
		};
		205992011AEF4284001ED590 /* Frameworks */ = {
			isa = PBXFrameworksBuildPhase;
			buildActionMask = 2147483647;
			files = (
			);
			runOnlyForDeploymentPostprocessing = 0;
		};
/* End PBXFrameworksBuildPhase section */

/* Begin PBXGroup section */
		205991E21AEF4283001ED590 = {
			isa = PBXGroup;
			children = (
				205991ED1AEF4283001ED590 /* Whiteboard */,
				205992071AEF4284001ED590 /* WhiteboardTests */,
				205991EC1AEF4283001ED590 /* Products */,
			);
			sourceTree = "<group>";
		};
		205991EC1AEF4283001ED590 /* Products */ = {
			isa = PBXGroup;
			children = (
				205991EB1AEF4283001ED590 /* Whiteboard.app */,
				205992041AEF4284001ED590 /* WhiteboardTests.xctest */,
			);
			name = Products;
			sourceTree = "<group>";
		};
		205991ED1AEF4283001ED590 /* Whiteboard */ = {
			isa = PBXGroup;
			children = (
				205991F21AEF4283001ED590 /* AppDelegate.h */,
				205991F31AEF4283001ED590 /* AppDelegate.m */,
				205991F51AEF4283001ED590 /* ViewController.h */,
				205991F61AEF4283001ED590 /* ViewController.m */,
				205992141AEF4452001ED590 /* WhiteBoard.m */,
				205992161AEF446E001ED590 /* WhiteBoard.h */,
				205991F81AEF4283001ED590 /* Main.storyboard */,
				205991FB1AEF4283001ED590 /* Images.xcassets */,
				205991FD1AEF4283001ED590 /* LaunchScreen.xib */,
				205991EE1AEF4283001ED590 /* Supporting Files */,
			);
			path = Whiteboard;
			sourceTree = "<group>";
		};
		205991EE1AEF4283001ED590 /* Supporting Files */ = {
			isa = PBXGroup;
			children = (
				205991EF1AEF4283001ED590 /* Info.plist */,
				205991F01AEF4283001ED590 /* main.m */,
			);
			name = "Supporting Files";
			sourceTree = "<group>";
		};
		205992071AEF4284001ED590 /* WhiteboardTests */ = {
			isa = PBXGroup;
			children = (
				2059920A1AEF4284001ED590 /* WhiteboardTests.m */,
				205992081AEF4284001ED590 /* Supporting Files */,
			);
			path = WhiteboardTests;
			sourceTree = "<group>";
		};
		205992081AEF4284001ED590 /* Supporting Files */ = {
			isa = PBXGroup;
			children = (
				205992091AEF4284001ED590 /* Info.plist */,
			);
			name = "Supporting Files";
			sourceTree = "<group>";
		};
/* End PBXGroup section */

/* Begin PBXNativeTarget section */
		205991EA1AEF4283001ED590 /* Whiteboard */ = {
			isa = PBXNativeTarget;
			buildConfigurationList = 2059920E1AEF4284001ED590 /* Build configuration list for PBXNativeTarget "Whiteboard" */;
			buildPhases = (
				205991E71AEF4283001ED590 /* Sources */,
				205991E81AEF4283001ED590 /* Frameworks */,
				205991E91AEF4283001ED590 /* Resources */,
			);
			buildRules = (
			);
			dependencies = (
			);
			name = Whiteboard;
			productName = Whiteboard;
			productReference = 205991EB1AEF4283001ED590 /* Whiteboard.app */;
			productType = "com.apple.product-type.application";
		};
		205992031AEF4284001ED590 /* WhiteboardTests */ = {
			isa = PBXNativeTarget;
			buildConfigurationList = 205992111AEF4284001ED590 /* Build configuration list for PBXNativeTarget "WhiteboardTests" */;
			buildPhases = (
				205992001AEF4284001ED590 /* Sources */,
				205992011AEF4284001ED590 /* Frameworks */,
				205992021AEF4284001ED590 /* Resources */,
			);
			buildRules = (
			);
			dependencies = (
				205992061AEF4284001ED590 /* PBXTargetDependency */,
			);
			name = WhiteboardTests;
			productName = WhiteboardTests;
			productReference = 205992041AEF4284001ED590 /* WhiteboardTests.xctest */;
			productType = "com.apple.product-type.bundle.unit-test";
		};
/* End PBXNativeTarget section */

/* Begin PBXProject section */
		205991E31AEF4283001ED590 /* Project object */ = {
			isa = PBXProject;
			attributes = {
				LastUpgradeCheck = 0610;
				ORGANIZATIONNAME = "Steven Brice";
				TargetAttributes = {
					205991EA1AEF4283001ED590 = {
						CreatedOnToolsVersion = 6.1.1;
					};
					205992031AEF4284001ED590 = {
						CreatedOnToolsVersion = 6.1.1;
						TestTargetID = 205991EA1AEF4283001ED590;
					};
				};
			};
			buildConfigurationList = 205991E61AEF4283001ED590 /* Build configuration list for PBXProject "Whiteboard" */;
			compatibilityVersion = "Xcode 3.2";
			developmentRegion = English;
			hasScannedForEncodings = 0;
			knownRegions = (
				en,
				Base,
			);
			mainGroup = 205991E21AEF4283001ED590;
			productRefGroup = 205991EC1AEF4283001ED590 /* Products */;
			projectDirPath = "";
			projectRoot = "";
			targets = (
				205991EA1AEF4283001ED590 /* Whiteboard */,
				205992031AEF4284001ED590 /* WhiteboardTests */,
			);
		};
/* End PBXProject section */

/* Begin PBXResourcesBuildPhase section */
		205991E91AEF4283001ED590 /* Resources */ = {
			isa = PBXResourcesBuildPhase;
			buildActionMask = 2147483647;
			files = (
				205991FA1AEF4283001ED590 /* Main.storyboard in Resources */,
				205991FF1AEF4283001ED590 /* LaunchScreen.xib in Resources */,
				205991FC1AEF4283001ED590 /* Images.xcassets in Resources */,
			);
			runOnlyForDeploymentPostprocessing = 0;
		};
		205992021AEF4284001ED590 /* Resources */ = {
			isa = PBXResourcesBuildPhase;
			buildActionMask = 2147483647;
			files = (
			);
			runOnlyForDeploymentPostprocessing = 0;
		};
/* End PBXResourcesBuildPhase section */

/* Begin PBXSourcesBuildPhase section */
		205991E71AEF4283001ED590 /* Sources */ = {
			isa = PBXSourcesBuildPhase;
			buildActionMask = 2147483647;
			files = (
				205992151AEF4452001ED590 /* WhiteBoard.m in Sources */,
				205991F71AEF4283001ED590 /* ViewController.m in Sources */,
				205991F41AEF4283001ED590 /* AppDelegate.m in Sources */,
				205991F11AEF4283001ED590 /* main.m in Sources */,
			);
			runOnlyForDeploymentPostprocessing = 0;
		};
		205992001AEF4284001ED590 /* Sources */ = {
			isa = PBXSourcesBuildPhase;
			buildActionMask = 2147483647;
			files = (
				2059920B1AEF4284001ED590 /* WhiteboardTests.m in Sources */,
			);
			runOnlyForDeploymentPostprocessing = 0;
		};
/* End PBXSourcesBuildPhase section */

/* Begin PBXTargetDependency section */
		205992061AEF4284001ED590 /* PBXTargetDependency */ = {
			isa = PBXTargetDependency;
			target = 205991EA1AEF4283001ED590 /* Whiteboard */;
			targetProxy = 205992051AEF4284001ED590 /* PBXContainerItemProxy */;
		};
/* End PBXTargetDependency section */

/* Begin PBXVariantGroup section */
		205991F81AEF4283001ED590 /* Main.storyboard */ = {
			isa = PBXVariantGroup;
			children = (
				205991F91AEF4283001ED590 /* Base */,
			);
			name = Main.storyboard;
			sourceTree = "<group>";
		};
		205991FD1AEF4283001ED590 /* LaunchScreen.xib */ = {
			isa = PBXVariantGroup;
			children = (
				205991FE1AEF4283001ED590 /* Base */,
			);
			name = LaunchScreen.xib;
			sourceTree = "<group>";
		};
/* End PBXVariantGroup section */

/* Begin XCBuildConfiguration section */
		2059920C1AEF4284001ED590 /* Debug */ = {
			isa = XCBuildConfiguration;
			buildSettings = {
				ALWAYS_SEARCH_USER_PATHS = NO;
				CLANG_CXX_LANGUAGE_STANDARD = "gnu++0x";
				CLANG_CXX_LIBRARY = "libc++";
				CLANG_ENABLE_MODULES = YES;
				CLANG_ENABLE_OBJC_ARC = YES;
				CLANG_WARN_BOOL_CONVERSION = YES;
				CLANG_WARN_CONSTANT_CONVERSION = YES;
				CLANG_WARN_DIRECT_OBJC_ISA_USAGE = YES_ERROR;
				CLANG_WARN_EMPTY_BODY = YES;
				CLANG_WARN_ENUM_CONVERSION = YES;
				CLANG_WARN_INT_CONVERSION = YES;
				CLANG_WARN_OBJC_ROOT_CLASS = YES_ERROR;
				CLANG_WARN_UNREACHABLE_CODE = YES;
				CLANG_WARN__DUPLICATE_METHOD_MATCH = YES;
				"CODE_SIGN_IDENTITY[sdk=iphoneos*]" = "iPhone Developer";
				COPY_PHASE_STRIP = NO;
				ENABLE_STRICT_OBJC_MSGSEND = YES;
				GCC_C_LANGUAGE_STANDARD = gnu99;
				GCC_DYNAMIC_NO_PIC = NO;
				GCC_OPTIMIZATION_LEVEL = 0;
				GCC_PREPROCESSOR_DEFINITIONS = (
					"DEBUG=1",
					"$(inherited)",
				);
				GCC_SYMBOLS_PRIVATE_EXTERN = NO;
				GCC_WARN_64_TO_32_BIT_CONVERSION = YES;
				GCC_WARN_ABOUT_RETURN_TYPE = YES_ERROR;
				GCC_WARN_UNDECLARED_SELECTOR = YES;
				GCC_WARN_UNINITIALIZED_AUTOS = YES_AGGRESSIVE;
				GCC_WARN_UNUSED_FUNCTION = YES;
				GCC_WARN_UNUSED_VARIABLE = YES;
				IPHONEOS_DEPLOYMENT_TARGET = 8.1;
				MTL_ENABLE_DEBUG_INFO = YES;
				ONLY_ACTIVE_ARCH = YES;
				SDKROOT = iphoneos;
				TARGETED_DEVICE_FAMILY = "1,2";
			};
			name = Debug;
		};
		2059920D1AEF4284001ED590 /* Release */ = {
			isa = XCBuildConfiguration;
			buildSettings = {
				ALWAYS_SEARCH_USER_PATHS = NO;
				CLANG_CXX_LANGUAGE_STANDARD = "gnu++0x";
				CLANG_CXX_LIBRARY = "libc++";
				CLANG_ENABLE_MODULES = YES;
				CLANG_ENABLE_OBJC_ARC = YES;
				CLANG_WARN_BOOL_CONVERSION = YES;
				CLANG_WARN_CONSTANT_CONVERSION = YES;
				CLANG_WARN_DIRECT_OBJC_ISA_USAGE = YES_ERROR;
				CLANG_WARN_EMPTY_BODY = YES;
				CLANG_WARN_ENUM_CONVERSION = YES;
				CLANG_WARN_INT_CONVERSION = YES;
				CLANG_WARN_OBJC_ROOT_CLASS = YES_ERROR;
				CLANG_WARN_UNREACHABLE_CODE = YES;
				CLANG_WARN__DUPLICATE_METHOD_MATCH = YES;
				"CODE_SIGN_IDENTITY[sdk=iphoneos*]" = "iPhone Developer";
				COPY_PHASE_STRIP = YES;
				ENABLE_NS_ASSERTIONS = NO;
				ENABLE_STRICT_OBJC_MSGSEND = YES;
				GCC_C_LANGUAGE_STANDARD = gnu99;
				GCC_WARN_64_TO_32_BIT_CONVERSION = YES;
				GCC_WARN_ABOUT_RETURN_TYPE = YES_ERROR;
				GCC_WARN_UNDECLARED_SELECTOR = YES;
				GCC_WARN_UNINITIALIZED_AUTOS = YES_AGGRESSIVE;
				GCC_WARN_UNUSED_FUNCTION = YES;
				GCC_WARN_UNUSED_VARIABLE = YES;
				IPHONEOS_DEPLOYMENT_TARGET = 8.1;
				MTL_ENABLE_DEBUG_INFO = NO;
				SDKROOT = iphoneos;
				TARGETED_DEVICE_FAMILY = "1,2";
				VALIDATE_PRODUCT = YES;
			};
			name = Release;
		};
		2059920F1AEF4284001ED590 /* Debug */ = {
			isa = XCBuildConfiguration;
			buildSettings = {
				ASSETCATALOG_COMPILER_APPICON_NAME = AppIcon;
				INFOPLIST_FILE = Whiteboard/Info.plist;
				LD_RUNPATH_SEARCH_PATHS = "$(inherited) @executable_path/Frameworks";
				PRODUCT_NAME = "$(TARGET_NAME)";
			};
			name = Debug;
		};
		205992101AEF4284001ED590 /* Release */ = {
			isa = XCBuildConfiguration;
			buildSettings = {
				ASSETCATALOG_COMPILER_APPICON_NAME = AppIcon;
				INFOPLIST_FILE = Whiteboard/Info.plist;
				LD_RUNPATH_SEARCH_PATHS = "$(inherited) @executable_path/Frameworks";
				PRODUCT_NAME = "$(TARGET_NAME)";
			};
			name = Release;
		};
		205992121AEF4284001ED590 /* Debug */ = {
			isa = XCBuildConfiguration;
			buildSettings = {
				BUNDLE_LOADER = "$(TEST_HOST)";
				FRAMEWORK_SEARCH_PATHS = (
					"$(SDKROOT)/Developer/Library/Frameworks",
					"$(inherited)",
				);
				GCC_PREPROCESSOR_DEFINITIONS = (
					"DEBUG=1",
					"$(inherited)",
				);
				INFOPLIST_FILE = WhiteboardTests/Info.plist;
				LD_RUNPATH_SEARCH_PATHS = "$(inherited) @executable_path/Frameworks @loader_path/Frameworks";
				PRODUCT_NAME = "$(TARGET_NAME)";
				TEST_HOST = "$(BUILT_PRODUCTS_DIR)/Whiteboard.app/Whiteboard";
			};
			name = Debug;
		};
		205992131AEF4284001ED590 /* Release */ = {
			isa = XCBuildConfiguration;
			buildSettings = {
				BUNDLE_LOADER = "$(TEST_HOST)";
				FRAMEWORK_SEARCH_PATHS = (
					"$(SDKROOT)/Developer/Library/Frameworks",
					"$(inherited)",
				);
				INFOPLIST_FILE = WhiteboardTests/Info.plist;
				LD_RUNPATH_SEARCH_PATHS = "$(inherited) @executable_path/Frameworks @loader_path/Frameworks";
				PRODUCT_NAME = "$(TARGET_NAME)";
				TEST_HOST = "$(BUILT_PRODUCTS_DIR)/Whiteboard.app/Whiteboard";
			};
			name = Release;
		};
/* End XCBuildConfiguration section */

/* Begin XCConfigurationList section */
		205991E61AEF4283001ED590 /* Build configuration list for PBXProject "Whiteboard" */ = {
			isa = XCConfigurationList;
			buildConfigurations = (
				2059920C1AEF4284001ED590 /* Debug */,
				2059920D1AEF4284001ED590 /* Release */,
			);
			defaultConfigurationIsVisible = 0;
			defaultConfigurationName = Release;
		};
		2059920E1AEF4284001ED590 /* Build configuration list for PBXNativeTarget "Whiteboard" */ = {
			isa = XCConfigurationList;
			buildConfigurations = (
				2059920F1AEF4284001ED590 /* Debug */,
				205992101AEF4284001ED590 /* Release */,
			);
			defaultConfigurationIsVisible = 0;
		};
		205992111AEF4284001ED590 /* Build configuration list for PBXNativeTarget "WhiteboardTests" */ = {
			isa = XCConfigurationList;
			buildConfigurations = (
				205992121AEF4284001ED590 /* Debug */,
				205992131AEF4284001ED590 /* Release */,
			);
			defaultConfigurationIsVisible = 0;
		};
/* End XCConfigurationList section */
	};
	rootObject = 205991E31AEF4283001ED590 /* Project object */;
}
