// !$*UTF8*$!
{
	archiveVersion = 1;
	classes = {
	};
	objectVersion = 46;
	objects = {

/* Begin PBXBuildFile section */
		20236B591AF1A1B100456701 /* SocketAckManager.swift in Sources */ = {isa = PBXBuildFile; fileRef = 20236B4C1AF1A1B100456701 /* SocketAckManager.swift */; };
		20236B5A1AF1A1B100456701 /* SocketAnyEvent.swift in Sources */ = {isa = PBXBuildFile; fileRef = 20236B4D1AF1A1B100456701 /* SocketAnyEvent.swift */; };
		20236B5B1AF1A1B100456701 /* SocketEngine.swift in Sources */ = {isa = PBXBuildFile; fileRef = 20236B4E1AF1A1B100456701 /* SocketEngine.swift */; };
		20236B5C1AF1A1B100456701 /* SocketEngineClient.swift in Sources */ = {isa = PBXBuildFile; fileRef = 20236B4F1AF1A1B100456701 /* SocketEngineClient.swift */; };
		20236B5D1AF1A1B100456701 /* SocketEventHandler.swift in Sources */ = {isa = PBXBuildFile; fileRef = 20236B501AF1A1B100456701 /* SocketEventHandler.swift */; };
		20236B5E1AF1A1B100456701 /* SocketFixUTF8.swift in Sources */ = {isa = PBXBuildFile; fileRef = 20236B511AF1A1B100456701 /* SocketFixUTF8.swift */; };
		20236B5F1AF1A1B100456701 /* SocketIOClient.swift in Sources */ = {isa = PBXBuildFile; fileRef = 20236B521AF1A1B100456701 /* SocketIOClient.swift */; };
		20236B601AF1A1B100456701 /* SocketLogger.swift in Sources */ = {isa = PBXBuildFile; fileRef = 20236B531AF1A1B100456701 /* SocketLogger.swift */; };
		20236B611AF1A1B100456701 /* SocketPacket.swift in Sources */ = {isa = PBXBuildFile; fileRef = 20236B541AF1A1B100456701 /* SocketPacket.swift */; };
		20236B621AF1A1B100456701 /* SocketParser.swift in Sources */ = {isa = PBXBuildFile; fileRef = 20236B551AF1A1B100456701 /* SocketParser.swift */; };
		20236B631AF1A1B100456701 /* SocketTypes.swift in Sources */ = {isa = PBXBuildFile; fileRef = 20236B561AF1A1B100456701 /* SocketTypes.swift */; };
		20236B641AF1A1B100456701 /* SwiftRegex.swift in Sources */ = {isa = PBXBuildFile; fileRef = 20236B571AF1A1B100456701 /* SwiftRegex.swift */; };
		20236B651AF1A1B100456701 /* WebSocket.swift in Sources */ = {isa = PBXBuildFile; fileRef = 20236B581AF1A1B100456701 /* WebSocket.swift */; };
		2073AD8B1AF0B7C900D111FA /* AppDelegate.swift in Sources */ = {isa = PBXBuildFile; fileRef = 2073AD8A1AF0B7C900D111FA /* AppDelegate.swift */; };
		2073AD8D1AF0B7C900D111FA /* ViewController.swift in Sources */ = {isa = PBXBuildFile; fileRef = 2073AD8C1AF0B7C900D111FA /* ViewController.swift */; };
		2073AD901AF0B7C900D111FA /* Main.storyboard in Resources */ = {isa = PBXBuildFile; fileRef = 2073AD8E1AF0B7C900D111FA /* Main.storyboard */; };
		2073AD921AF0B7C900D111FA /* Images.xcassets in Resources */ = {isa = PBXBuildFile; fileRef = 2073AD911AF0B7C900D111FA /* Images.xcassets */; };
		2073AD951AF0B7C900D111FA /* LaunchScreen.xib in Resources */ = {isa = PBXBuildFile; fileRef = 2073AD931AF0B7C900D111FA /* LaunchScreen.xib */; };
		2073ADA11AF0B7C900D111FA /* WhiteboardTests.swift in Sources */ = {isa = PBXBuildFile; fileRef = 2073ADA01AF0B7C900D111FA /* WhiteboardTests.swift */; };
		2073ADAB1AF0B88C00D111FA /* WhiteBoard.swift in Sources */ = {isa = PBXBuildFile; fileRef = 2073ADAA1AF0B88C00D111FA /* WhiteBoard.swift */; };
/* End PBXBuildFile section */

/* Begin PBXContainerItemProxy section */
		2073AD9B1AF0B7C900D111FA /* PBXContainerItemProxy */ = {
			isa = PBXContainerItemProxy;
			containerPortal = 2073AD7D1AF0B7C900D111FA /* Project object */;
			proxyType = 1;
			remoteGlobalIDString = 2073AD841AF0B7C900D111FA;
			remoteInfo = Whiteboard;
		};
/* End PBXContainerItemProxy section */

/* Begin PBXFileReference section */
		20236B4C1AF1A1B100456701 /* SocketAckManager.swift */ = {isa = PBXFileReference; fileEncoding = 4; lastKnownFileType = sourcecode.swift; path = SocketAckManager.swift; sourceTree = "<group>"; };
		20236B4D1AF1A1B100456701 /* SocketAnyEvent.swift */ = {isa = PBXFileReference; fileEncoding = 4; lastKnownFileType = sourcecode.swift; path = SocketAnyEvent.swift; sourceTree = "<group>"; };
		20236B4E1AF1A1B100456701 /* SocketEngine.swift */ = {isa = PBXFileReference; fileEncoding = 4; lastKnownFileType = sourcecode.swift; path = SocketEngine.swift; sourceTree = "<group>"; };
		20236B4F1AF1A1B100456701 /* SocketEngineClient.swift */ = {isa = PBXFileReference; fileEncoding = 4; lastKnownFileType = sourcecode.swift; path = SocketEngineClient.swift; sourceTree = "<group>"; };
		20236B501AF1A1B100456701 /* SocketEventHandler.swift */ = {isa = PBXFileReference; fileEncoding = 4; lastKnownFileType = sourcecode.swift; path = SocketEventHandler.swift; sourceTree = "<group>"; };
		20236B511AF1A1B100456701 /* SocketFixUTF8.swift */ = {isa = PBXFileReference; fileEncoding = 4; lastKnownFileType = sourcecode.swift; path = SocketFixUTF8.swift; sourceTree = "<group>"; };
		20236B521AF1A1B100456701 /* SocketIOClient.swift */ = {isa = PBXFileReference; fileEncoding = 4; lastKnownFileType = sourcecode.swift; path = SocketIOClient.swift; sourceTree = "<group>"; };
		20236B531AF1A1B100456701 /* SocketLogger.swift */ = {isa = PBXFileReference; fileEncoding = 4; lastKnownFileType = sourcecode.swift; path = SocketLogger.swift; sourceTree = "<group>"; };
		20236B541AF1A1B100456701 /* SocketPacket.swift */ = {isa = PBXFileReference; fileEncoding = 4; lastKnownFileType = sourcecode.swift; path = SocketPacket.swift; sourceTree = "<group>"; };
		20236B551AF1A1B100456701 /* SocketParser.swift */ = {isa = PBXFileReference; fileEncoding = 4; lastKnownFileType = sourcecode.swift; path = SocketParser.swift; sourceTree = "<group>"; };
		20236B561AF1A1B100456701 /* SocketTypes.swift */ = {isa = PBXFileReference; fileEncoding = 4; lastKnownFileType = sourcecode.swift; path = SocketTypes.swift; sourceTree = "<group>"; };
		20236B571AF1A1B100456701 /* SwiftRegex.swift */ = {isa = PBXFileReference; fileEncoding = 4; lastKnownFileType = sourcecode.swift; path = SwiftRegex.swift; sourceTree = "<group>"; };
		20236B581AF1A1B100456701 /* WebSocket.swift */ = {isa = PBXFileReference; fileEncoding = 4; lastKnownFileType = sourcecode.swift; path = WebSocket.swift; sourceTree = "<group>"; };
		2073AD851AF0B7C900D111FA /* Whiteboard.app */ = {isa = PBXFileReference; explicitFileType = wrapper.application; includeInIndex = 0; path = Whiteboard.app; sourceTree = BUILT_PRODUCTS_DIR; };
		2073AD891AF0B7C900D111FA /* Info.plist */ = {isa = PBXFileReference; lastKnownFileType = text.plist.xml; path = Info.plist; sourceTree = "<group>"; };
		2073AD8A1AF0B7C900D111FA /* AppDelegate.swift */ = {isa = PBXFileReference; lastKnownFileType = sourcecode.swift; path = AppDelegate.swift; sourceTree = "<group>"; };
		2073AD8C1AF0B7C900D111FA /* ViewController.swift */ = {isa = PBXFileReference; lastKnownFileType = sourcecode.swift; path = ViewController.swift; sourceTree = "<group>"; };
		2073AD8F1AF0B7C900D111FA /* Base */ = {isa = PBXFileReference; lastKnownFileType = file.storyboard; name = Base; path = Base.lproj/Main.storyboard; sourceTree = "<group>"; };
		2073AD911AF0B7C900D111FA /* Images.xcassets */ = {isa = PBXFileReference; lastKnownFileType = folder.assetcatalog; path = Images.xcassets; sourceTree = "<group>"; };
		2073AD941AF0B7C900D111FA /* Base */ = {isa = PBXFileReference; lastKnownFileType = file.xib; name = Base; path = Base.lproj/LaunchScreen.xib; sourceTree = "<group>"; };
		2073AD9A1AF0B7C900D111FA /* WhiteboardTests.xctest */ = {isa = PBXFileReference; explicitFileType = wrapper.cfbundle; includeInIndex = 0; path = WhiteboardTests.xctest; sourceTree = BUILT_PRODUCTS_DIR; };
		2073AD9F1AF0B7C900D111FA /* Info.plist */ = {isa = PBXFileReference; lastKnownFileType = text.plist.xml; path = Info.plist; sourceTree = "<group>"; };
		2073ADA01AF0B7C900D111FA /* WhiteboardTests.swift */ = {isa = PBXFileReference; lastKnownFileType = sourcecode.swift; path = WhiteboardTests.swift; sourceTree = "<group>"; };
		2073ADAA1AF0B88C00D111FA /* WhiteBoard.swift */ = {isa = PBXFileReference; fileEncoding = 4; lastKnownFileType = sourcecode.swift; path = WhiteBoard.swift; sourceTree = "<group>"; };
/* End PBXFileReference section */

/* Begin PBXFrameworksBuildPhase section */
		2073AD821AF0B7C900D111FA /* Frameworks */ = {
			isa = PBXFrameworksBuildPhase;
			buildActionMask = 2147483647;
			files = (
			);
			runOnlyForDeploymentPostprocessing = 0;
		};
		2073AD971AF0B7C900D111FA /* Frameworks */ = {
			isa = PBXFrameworksBuildPhase;
			buildActionMask = 2147483647;
			files = (
			);
			runOnlyForDeploymentPostprocessing = 0;
		};
/* End PBXFrameworksBuildPhase section */

/* Begin PBXGroup section */
		20236B4B1AF1A1B100456701 /* SocketIOClientSwift */ = {
			isa = PBXGroup;
			children = (
				20236B4C1AF1A1B100456701 /* SocketAckManager.swift */,
				20236B4D1AF1A1B100456701 /* SocketAnyEvent.swift */,
				20236B4E1AF1A1B100456701 /* SocketEngine.swift */,
				20236B4F1AF1A1B100456701 /* SocketEngineClient.swift */,
				20236B501AF1A1B100456701 /* SocketEventHandler.swift */,
				20236B511AF1A1B100456701 /* SocketFixUTF8.swift */,
				20236B521AF1A1B100456701 /* SocketIOClient.swift */,
				20236B531AF1A1B100456701 /* SocketLogger.swift */,
				20236B541AF1A1B100456701 /* SocketPacket.swift */,
				20236B551AF1A1B100456701 /* SocketParser.swift */,
				20236B561AF1A1B100456701 /* SocketTypes.swift */,
				20236B571AF1A1B100456701 /* SwiftRegex.swift */,
				20236B581AF1A1B100456701 /* WebSocket.swift */,
			);
			path = SocketIOClientSwift;
			sourceTree = "<group>";
		};
		2073AD7C1AF0B7C900D111FA = {
			isa = PBXGroup;
			children = (
				2073AD871AF0B7C900D111FA /* Whiteboard */,
				2073AD9D1AF0B7C900D111FA /* WhiteboardTests */,
				2073AD861AF0B7C900D111FA /* Products */,
			);
			sourceTree = "<group>";
		};
		2073AD861AF0B7C900D111FA /* Products */ = {
			isa = PBXGroup;
			children = (
				2073AD851AF0B7C900D111FA /* Whiteboard.app */,
				2073AD9A1AF0B7C900D111FA /* WhiteboardTests.xctest */,
			);
			name = Products;
			sourceTree = "<group>";
		};
		2073AD871AF0B7C900D111FA /* Whiteboard */ = {
			isa = PBXGroup;
			children = (
				20236B4B1AF1A1B100456701 /* SocketIOClientSwift */,
				2073AD8A1AF0B7C900D111FA /* AppDelegate.swift */,
				2073AD8C1AF0B7C900D111FA /* ViewController.swift */,
				2073ADAA1AF0B88C00D111FA /* WhiteBoard.swift */,
				2073AD8E1AF0B7C900D111FA /* Main.storyboard */,
				2073AD911AF0B7C900D111FA /* Images.xcassets */,
				2073AD931AF0B7C900D111FA /* LaunchScreen.xib */,
				2073AD881AF0B7C900D111FA /* Supporting Files */,
			);
			path = Whiteboard;
			sourceTree = "<group>";
		};
		2073AD881AF0B7C900D111FA /* Supporting Files */ = {
			isa = PBXGroup;
			children = (
				2073AD891AF0B7C900D111FA /* Info.plist */,
			);
			name = "Supporting Files";
			sourceTree = "<group>";
		};
		2073AD9D1AF0B7C900D111FA /* WhiteboardTests */ = {
			isa = PBXGroup;
			children = (
				2073ADA01AF0B7C900D111FA /* WhiteboardTests.swift */,
				2073AD9E1AF0B7C900D111FA /* Supporting Files */,
			);
			path = WhiteboardTests;
			sourceTree = "<group>";
		};
		2073AD9E1AF0B7C900D111FA /* Supporting Files */ = {
			isa = PBXGroup;
			children = (
				2073AD9F1AF0B7C900D111FA /* Info.plist */,
			);
			name = "Supporting Files";
			sourceTree = "<group>";
		};
/* End PBXGroup section */

/* Begin PBXNativeTarget section */
		2073AD841AF0B7C900D111FA /* Whiteboard */ = {
			isa = PBXNativeTarget;
			buildConfigurationList = 2073ADA41AF0B7C900D111FA /* Build configuration list for PBXNativeTarget "Whiteboard" */;
			buildPhases = (
				2073AD811AF0B7C900D111FA /* Sources */,
				2073AD821AF0B7C900D111FA /* Frameworks */,
				2073AD831AF0B7C900D111FA /* Resources */,
			);
			buildRules = (
			);
			dependencies = (
			);
			name = Whiteboard;
			productName = Whiteboard;
			productReference = 2073AD851AF0B7C900D111FA /* Whiteboard.app */;
			productType = "com.apple.product-type.application";
		};
		2073AD991AF0B7C900D111FA /* WhiteboardTests */ = {
			isa = PBXNativeTarget;
			buildConfigurationList = 2073ADA71AF0B7C900D111FA /* Build configuration list for PBXNativeTarget "WhiteboardTests" */;
			buildPhases = (
				2073AD961AF0B7C900D111FA /* Sources */,
				2073AD971AF0B7C900D111FA /* Frameworks */,
				2073AD981AF0B7C900D111FA /* Resources */,
			);
			buildRules = (
			);
			dependencies = (
				2073AD9C1AF0B7C900D111FA /* PBXTargetDependency */,
			);
			name = WhiteboardTests;
			productName = WhiteboardTests;
			productReference = 2073AD9A1AF0B7C900D111FA /* WhiteboardTests.xctest */;
			productType = "com.apple.product-type.bundle.unit-test";
		};
/* End PBXNativeTarget section */

/* Begin PBXProject section */
		2073AD7D1AF0B7C900D111FA /* Project object */ = {
			isa = PBXProject;
			attributes = {
				LastUpgradeCheck = 0610;
				ORGANIZATIONNAME = "Steven Brice";
				TargetAttributes = {
					2073AD841AF0B7C900D111FA = {
						CreatedOnToolsVersion = 6.1.1;
					};
					2073AD991AF0B7C900D111FA = {
						CreatedOnToolsVersion = 6.1.1;
						TestTargetID = 2073AD841AF0B7C900D111FA;
					};
				};
			};
			buildConfigurationList = 2073AD801AF0B7C900D111FA /* Build configuration list for PBXProject "Whiteboard" */;
			compatibilityVersion = "Xcode 3.2";
			developmentRegion = English;
			hasScannedForEncodings = 0;
			knownRegions = (
				en,
				Base,
			);
			mainGroup = 2073AD7C1AF0B7C900D111FA;
			productRefGroup = 2073AD861AF0B7C900D111FA /* Products */;
			projectDirPath = "";
			projectRoot = "";
			targets = (
				2073AD841AF0B7C900D111FA /* Whiteboard */,
				2073AD991AF0B7C900D111FA /* WhiteboardTests */,
			);
		};
/* End PBXProject section */

/* Begin PBXResourcesBuildPhase section */
		2073AD831AF0B7C900D111FA /* Resources */ = {
			isa = PBXResourcesBuildPhase;
			buildActionMask = 2147483647;
			files = (
				2073AD901AF0B7C900D111FA /* Main.storyboard in Resources */,
				2073AD951AF0B7C900D111FA /* LaunchScreen.xib in Resources */,
				2073AD921AF0B7C900D111FA /* Images.xcassets in Resources */,
			);
			runOnlyForDeploymentPostprocessing = 0;
		};
		2073AD981AF0B7C900D111FA /* Resources */ = {
			isa = PBXResourcesBuildPhase;
			buildActionMask = 2147483647;
			files = (
			);
			runOnlyForDeploymentPostprocessing = 0;
		};
/* End PBXResourcesBuildPhase section */

/* Begin PBXSourcesBuildPhase section */
		2073AD811AF0B7C900D111FA /* Sources */ = {
			isa = PBXSourcesBuildPhase;
			buildActionMask = 2147483647;
			files = (
				20236B621AF1A1B100456701 /* SocketParser.swift in Sources */,
				20236B651AF1A1B100456701 /* WebSocket.swift in Sources */,
				20236B5E1AF1A1B100456701 /* SocketFixUTF8.swift in Sources */,
				20236B641AF1A1B100456701 /* SwiftRegex.swift in Sources */,
				20236B5C1AF1A1B100456701 /* SocketEngineClient.swift in Sources */,
				20236B5B1AF1A1B100456701 /* SocketEngine.swift in Sources */,
				20236B631AF1A1B100456701 /* SocketTypes.swift in Sources */,
				20236B5A1AF1A1B100456701 /* SocketAnyEvent.swift in Sources */,
				20236B591AF1A1B100456701 /* SocketAckManager.swift in Sources */,
				20236B5F1AF1A1B100456701 /* SocketIOClient.swift in Sources */,
				20236B5D1AF1A1B100456701 /* SocketEventHandler.swift in Sources */,
				2073ADAB1AF0B88C00D111FA /* WhiteBoard.swift in Sources */,
				2073AD8D1AF0B7C900D111FA /* ViewController.swift in Sources */,
				20236B601AF1A1B100456701 /* SocketLogger.swift in Sources */,
				20236B611AF1A1B100456701 /* SocketPacket.swift in Sources */,
				2073AD8B1AF0B7C900D111FA /* AppDelegate.swift in Sources */,
			);
			runOnlyForDeploymentPostprocessing = 0;
		};
		2073AD961AF0B7C900D111FA /* Sources */ = {
			isa = PBXSourcesBuildPhase;
			buildActionMask = 2147483647;
			files = (
				2073ADA11AF0B7C900D111FA /* WhiteboardTests.swift in Sources */,
			);
			runOnlyForDeploymentPostprocessing = 0;
		};
/* End PBXSourcesBuildPhase section */

/* Begin PBXTargetDependency section */
		2073AD9C1AF0B7C900D111FA /* PBXTargetDependency */ = {
			isa = PBXTargetDependency;
			target = 2073AD841AF0B7C900D111FA /* Whiteboard */;
			targetProxy = 2073AD9B1AF0B7C900D111FA /* PBXContainerItemProxy */;
		};
/* End PBXTargetDependency section */

/* Begin PBXVariantGroup section */
		2073AD8E1AF0B7C900D111FA /* Main.storyboard */ = {
			isa = PBXVariantGroup;
			children = (
				2073AD8F1AF0B7C900D111FA /* Base */,
			);
			name = Main.storyboard;
			sourceTree = "<group>";
		};
		2073AD931AF0B7C900D111FA /* LaunchScreen.xib */ = {
			isa = PBXVariantGroup;
			children = (
				2073AD941AF0B7C900D111FA /* Base */,
			);
			name = LaunchScreen.xib;
			sourceTree = "<group>";
		};
/* End PBXVariantGroup section */

/* Begin XCBuildConfiguration section */
		2073ADA21AF0B7C900D111FA /* Debug */ = {
			isa = XCBuildConfiguration;
			buildSettings = {
				ALWAYS_SEARCH_USER_PATHS = NO;
				CLANG_CXX_LANGUAGE_STANDARD = "gnu++0x";
				CLANG_CXX_LIBRARY = "libc++";
				CLANG_ENABLE_MODULES = YES;
				CLANG_ENABLE_OBJC_ARC = YES;
				CLANG_WARN_BOOL_CONVERSION = YES;
				CLANG_WARN_CONSTANT_CONVERSION = YES;
				CLANG_WARN_DIRECT_OBJC_ISA_USAGE = YES_ERROR;
				CLANG_WARN_EMPTY_BODY = YES;
				CLANG_WARN_ENUM_CONVERSION = YES;
				CLANG_WARN_INT_CONVERSION = YES;
				CLANG_WARN_OBJC_ROOT_CLASS = YES_ERROR;
				CLANG_WARN_UNREACHABLE_CODE = YES;
				CLANG_WARN__DUPLICATE_METHOD_MATCH = YES;
				"CODE_SIGN_IDENTITY[sdk=iphoneos*]" = "iPhone Developer";
				COPY_PHASE_STRIP = NO;
				ENABLE_STRICT_OBJC_MSGSEND = YES;
				GCC_C_LANGUAGE_STANDARD = gnu99;
				GCC_DYNAMIC_NO_PIC = NO;
				GCC_OPTIMIZATION_LEVEL = 0;
				GCC_PREPROCESSOR_DEFINITIONS = (
					"DEBUG=1",
					"$(inherited)",
				);
				GCC_SYMBOLS_PRIVATE_EXTERN = NO;
				GCC_WARN_64_TO_32_BIT_CONVERSION = YES;
				GCC_WARN_ABOUT_RETURN_TYPE = YES_ERROR;
				GCC_WARN_UNDECLARED_SELECTOR = YES;
				GCC_WARN_UNINITIALIZED_AUTOS = YES_AGGRESSIVE;
				GCC_WARN_UNUSED_FUNCTION = YES;
				GCC_WARN_UNUSED_VARIABLE = YES;
				IPHONEOS_DEPLOYMENT_TARGET = 8.1;
				MTL_ENABLE_DEBUG_INFO = YES;
				ONLY_ACTIVE_ARCH = YES;
				SDKROOT = iphoneos;
				SWIFT_OPTIMIZATION_LEVEL = "-Onone";
				TARGETED_DEVICE_FAMILY = "1,2";
			};
			name = Debug;
		};
		2073ADA31AF0B7C900D111FA /* Release */ = {
			isa = XCBuildConfiguration;
			buildSettings = {
				ALWAYS_SEARCH_USER_PATHS = NO;
				CLANG_CXX_LANGUAGE_STANDARD = "gnu++0x";
				CLANG_CXX_LIBRARY = "libc++";
				CLANG_ENABLE_MODULES = YES;
				CLANG_ENABLE_OBJC_ARC = YES;
				CLANG_WARN_BOOL_CONVERSION = YES;
				CLANG_WARN_CONSTANT_CONVERSION = YES;
				CLANG_WARN_DIRECT_OBJC_ISA_USAGE = YES_ERROR;
				CLANG_WARN_EMPTY_BODY = YES;
				CLANG_WARN_ENUM_CONVERSION = YES;
				CLANG_WARN_INT_CONVERSION = YES;
				CLANG_WARN_OBJC_ROOT_CLASS = YES_ERROR;
				CLANG_WARN_UNREACHABLE_CODE = YES;
				CLANG_WARN__DUPLICATE_METHOD_MATCH = YES;
				"CODE_SIGN_IDENTITY[sdk=iphoneos*]" = "iPhone Developer";
				COPY_PHASE_STRIP = YES;
				ENABLE_NS_ASSERTIONS = NO;
				ENABLE_STRICT_OBJC_MSGSEND = YES;
				GCC_C_LANGUAGE_STANDARD = gnu99;
				GCC_WARN_64_TO_32_BIT_CONVERSION = YES;
				GCC_WARN_ABOUT_RETURN_TYPE = YES_ERROR;
				GCC_WARN_UNDECLARED_SELECTOR = YES;
				GCC_WARN_UNINITIALIZED_AUTOS = YES_AGGRESSIVE;
				GCC_WARN_UNUSED_FUNCTION = YES;
				GCC_WARN_UNUSED_VARIABLE = YES;
				IPHONEOS_DEPLOYMENT_TARGET = 8.1;
				MTL_ENABLE_DEBUG_INFO = NO;
				SDKROOT = iphoneos;
				TARGETED_DEVICE_FAMILY = "1,2";
				VALIDATE_PRODUCT = YES;
			};
			name = Release;
		};
		2073ADA51AF0B7C900D111FA /* Debug */ = {
			isa = XCBuildConfiguration;
			buildSettings = {
				ASSETCATALOG_COMPILER_APPICON_NAME = AppIcon;
				INFOPLIST_FILE = Whiteboard/Info.plist;
				LD_RUNPATH_SEARCH_PATHS = "$(inherited) @executable_path/Frameworks";
				PRODUCT_NAME = "$(TARGET_NAME)";
			};
			name = Debug;
		};
		2073ADA61AF0B7C900D111FA /* Release */ = {
			isa = XCBuildConfiguration;
			buildSettings = {
				ASSETCATALOG_COMPILER_APPICON_NAME = AppIcon;
				INFOPLIST_FILE = Whiteboard/Info.plist;
				LD_RUNPATH_SEARCH_PATHS = "$(inherited) @executable_path/Frameworks";
				PRODUCT_NAME = "$(TARGET_NAME)";
			};
			name = Release;
		};
		2073ADA81AF0B7C900D111FA /* Debug */ = {
			isa = XCBuildConfiguration;
			buildSettings = {
				BUNDLE_LOADER = "$(TEST_HOST)";
				FRAMEWORK_SEARCH_PATHS = (
					"$(SDKROOT)/Developer/Library/Frameworks",
					"$(inherited)",
				);
				GCC_PREPROCESSOR_DEFINITIONS = (
					"DEBUG=1",
					"$(inherited)",
				);
				INFOPLIST_FILE = WhiteboardTests/Info.plist;
				LD_RUNPATH_SEARCH_PATHS = "$(inherited) @executable_path/Frameworks @loader_path/Frameworks";
				PRODUCT_NAME = "$(TARGET_NAME)";
				TEST_HOST = "$(BUILT_PRODUCTS_DIR)/Whiteboard.app/Whiteboard";
			};
			name = Debug;
		};
		2073ADA91AF0B7C900D111FA /* Release */ = {
			isa = XCBuildConfiguration;
			buildSettings = {
				BUNDLE_LOADER = "$(TEST_HOST)";
				FRAMEWORK_SEARCH_PATHS = (
					"$(SDKROOT)/Developer/Library/Frameworks",
					"$(inherited)",
				);
				INFOPLIST_FILE = WhiteboardTests/Info.plist;
				LD_RUNPATH_SEARCH_PATHS = "$(inherited) @executable_path/Frameworks @loader_path/Frameworks";
				PRODUCT_NAME = "$(TARGET_NAME)";
				TEST_HOST = "$(BUILT_PRODUCTS_DIR)/Whiteboard.app/Whiteboard";
			};
			name = Release;
		};
/* End XCBuildConfiguration section */

/* Begin XCConfigurationList section */
		2073AD801AF0B7C900D111FA /* Build configuration list for PBXProject "Whiteboard" */ = {
			isa = XCConfigurationList;
			buildConfigurations = (
				2073ADA21AF0B7C900D111FA /* Debug */,
				2073ADA31AF0B7C900D111FA /* Release */,
			);
			defaultConfigurationIsVisible = 0;
			defaultConfigurationName = Release;
		};
		2073ADA41AF0B7C900D111FA /* Build configuration list for PBXNativeTarget "Whiteboard" */ = {
			isa = XCConfigurationList;
			buildConfigurations = (
				2073ADA51AF0B7C900D111FA /* Debug */,
				2073ADA61AF0B7C900D111FA /* Release */,
			);
			defaultConfigurationIsVisible = 0;
			defaultConfigurationName = Release;
		};
		2073ADA71AF0B7C900D111FA /* Build configuration list for PBXNativeTarget "WhiteboardTests" */ = {
			isa = XCConfigurationList;
			buildConfigurations = (
				2073ADA81AF0B7C900D111FA /* Debug */,
				2073ADA91AF0B7C900D111FA /* Release */,
			);
			defaultConfigurationIsVisible = 0;
			defaultConfigurationName = Release;
		};
/* End XCConfigurationList section */
	};
	rootObject = 2073AD7D1AF0B7C900D111FA /* Project object */;
}
