// !$*UTF8*$!
{
	archiveVersion = 1;
	classes = {
	};
	objectVersion = 46;
	objects = {

/* Begin PBXBuildFile section */
		20C152BB1A9AD19F0099C7C3 /* main.m in Sources */ = {isa = PBXBuildFile; fileRef = 20C152BA1A9AD19F0099C7C3 /* main.m */; };
		20C152BE1A9AD19F0099C7C3 /* AppDelegate.m in Sources */ = {isa = PBXBuildFile; fileRef = 20C152BD1A9AD19F0099C7C3 /* AppDelegate.m */; };
		20C152C11A9AD19F0099C7C3 /* MasterViewController.m in Sources */ = {isa = PBXBuildFile; fileRef = 20C152C01A9AD19F0099C7C3 /* MasterViewController.m */; };
		20C152C41A9AD19F0099C7C3 /* DetailViewController.m in Sources */ = {isa = PBXBuildFile; fileRef = 20C152C31A9AD19F0099C7C3 /* DetailViewController.m */; };
		20C152C71A9AD19F0099C7C3 /* Main.storyboard in Resources */ = {isa = PBXBuildFile; fileRef = 20C152C51A9AD19F0099C7C3 /* Main.storyboard */; };
		20C152C91A9AD19F0099C7C3 /* Images.xcassets in Resources */ = {isa = PBXBuildFile; fileRef = 20C152C81A9AD19F0099C7C3 /* Images.xcassets */; };
		20C152CC1A9AD19F0099C7C3 /* LaunchScreen.xib in Resources */ = {isa = PBXBuildFile; fileRef = 20C152CA1A9AD19F0099C7C3 /* LaunchScreen.xib */; };
		20C152D81A9AD19F0099C7C3 /* A2_Read_JSONTests.m in Sources */ = {isa = PBXBuildFile; fileRef = 20C152D71A9AD19F0099C7C3 /* A2_Read_JSONTests.m */; };
/* End PBXBuildFile section */

/* Begin PBXContainerItemProxy section */
		20C152D21A9AD19F0099C7C3 /* PBXContainerItemProxy */ = {
			isa = PBXContainerItemProxy;
			containerPortal = 20C152AD1A9AD19F0099C7C3 /* Project object */;
			proxyType = 1;
			remoteGlobalIDString = 20C152B41A9AD19F0099C7C3;
			remoteInfo = "A2-Read-JSON";
		};
/* End PBXContainerItemProxy section */

/* Begin PBXFileReference section */
		20C152B51A9AD19F0099C7C3 /* A2-Read-JSON.app */ = {isa = PBXFileReference; explicitFileType = wrapper.application; includeInIndex = 0; path = "A2-Read-JSON.app"; sourceTree = BUILT_PRODUCTS_DIR; };
		20C152B91A9AD19F0099C7C3 /* Info.plist */ = {isa = PBXFileReference; lastKnownFileType = text.plist.xml; path = Info.plist; sourceTree = "<group>"; };
		20C152BA1A9AD19F0099C7C3 /* main.m */ = {isa = PBXFileReference; lastKnownFileType = sourcecode.c.objc; path = main.m; sourceTree = "<group>"; };
		20C152BC1A9AD19F0099C7C3 /* AppDelegate.h */ = {isa = PBXFileReference; lastKnownFileType = sourcecode.c.h; path = AppDelegate.h; sourceTree = "<group>"; };
		20C152BD1A9AD19F0099C7C3 /* AppDelegate.m */ = {isa = PBXFileReference; lastKnownFileType = sourcecode.c.objc; path = AppDelegate.m; sourceTree = "<group>"; };
		20C152BF1A9AD19F0099C7C3 /* MasterViewController.h */ = {isa = PBXFileReference; lastKnownFileType = sourcecode.c.h; path = MasterViewController.h; sourceTree = "<group>"; };
		20C152C01A9AD19F0099C7C3 /* MasterViewController.m */ = {isa = PBXFileReference; lastKnownFileType = sourcecode.c.objc; path = MasterViewController.m; sourceTree = "<group>"; };
		20C152C21A9AD19F0099C7C3 /* DetailViewController.h */ = {isa = PBXFileReference; lastKnownFileType = sourcecode.c.h; path = DetailViewController.h; sourceTree = "<group>"; };
		20C152C31A9AD19F0099C7C3 /* DetailViewController.m */ = {isa = PBXFileReference; lastKnownFileType = sourcecode.c.objc; path = DetailViewController.m; sourceTree = "<group>"; };
		20C152C61A9AD19F0099C7C3 /* Base */ = {isa = PBXFileReference; lastKnownFileType = file.storyboard; name = Base; path = Base.lproj/Main.storyboard; sourceTree = "<group>"; };
		20C152C81A9AD19F0099C7C3 /* Images.xcassets */ = {isa = PBXFileReference; lastKnownFileType = folder.assetcatalog; path = Images.xcassets; sourceTree = "<group>"; };
		20C152CB1A9AD19F0099C7C3 /* Base */ = {isa = PBXFileReference; lastKnownFileType = file.xib; name = Base; path = Base.lproj/LaunchScreen.xib; sourceTree = "<group>"; };
		20C152D11A9AD19F0099C7C3 /* A2-Read-JSONTests.xctest */ = {isa = PBXFileReference; explicitFileType = wrapper.cfbundle; includeInIndex = 0; path = "A2-Read-JSONTests.xctest"; sourceTree = BUILT_PRODUCTS_DIR; };
		20C152D61A9AD19F0099C7C3 /* Info.plist */ = {isa = PBXFileReference; lastKnownFileType = text.plist.xml; path = Info.plist; sourceTree = "<group>"; };
		20C152D71A9AD19F0099C7C3 /* A2_Read_JSONTests.m */ = {isa = PBXFileReference; lastKnownFileType = sourcecode.c.objc; path = A2_Read_JSONTests.m; sourceTree = "<group>"; };
/* End PBXFileReference section */

/* Begin PBXFrameworksBuildPhase section */
		20C152B21A9AD19F0099C7C3 /* Frameworks */ = {
			isa = PBXFrameworksBuildPhase;
			buildActionMask = 2147483647;
			files = (
			);
			runOnlyForDeploymentPostprocessing = 0;
		};
		20C152CE1A9AD19F0099C7C3 /* Frameworks */ = {
			isa = PBXFrameworksBuildPhase;
			buildActionMask = 2147483647;
			files = (
			);
			runOnlyForDeploymentPostprocessing = 0;
		};
/* End PBXFrameworksBuildPhase section */

/* Begin PBXGroup section */
		20C152AC1A9AD19F0099C7C3 = {
			isa = PBXGroup;
			children = (
				20C152B71A9AD19F0099C7C3 /* A2-Read-JSON */,
				20C152D41A9AD19F0099C7C3 /* A2-Read-JSONTests */,
				20C152B61A9AD19F0099C7C3 /* Products */,
			);
			sourceTree = "<group>";
		};
		20C152B61A9AD19F0099C7C3 /* Products */ = {
			isa = PBXGroup;
			children = (
				20C152B51A9AD19F0099C7C3 /* A2-Read-JSON.app */,
				20C152D11A9AD19F0099C7C3 /* A2-Read-JSONTests.xctest */,
			);
			name = Products;
			sourceTree = "<group>";
		};
		20C152B71A9AD19F0099C7C3 /* A2-Read-JSON */ = {
			isa = PBXGroup;
			children = (
				20C152BC1A9AD19F0099C7C3 /* AppDelegate.h */,
				20C152BD1A9AD19F0099C7C3 /* AppDelegate.m */,
				20C152BF1A9AD19F0099C7C3 /* MasterViewController.h */,
				20C152C01A9AD19F0099C7C3 /* MasterViewController.m */,
				20C152C21A9AD19F0099C7C3 /* DetailViewController.h */,
				20C152C31A9AD19F0099C7C3 /* DetailViewController.m */,
				20C152C51A9AD19F0099C7C3 /* Main.storyboard */,
				20C152C81A9AD19F0099C7C3 /* Images.xcassets */,
				20C152CA1A9AD19F0099C7C3 /* LaunchScreen.xib */,
				20C152B81A9AD19F0099C7C3 /* Supporting Files */,
			);
			path = "A2-Read-JSON";
			sourceTree = "<group>";
		};
		20C152B81A9AD19F0099C7C3 /* Supporting Files */ = {
			isa = PBXGroup;
			children = (
				20C152B91A9AD19F0099C7C3 /* Info.plist */,
				20C152BA1A9AD19F0099C7C3 /* main.m */,
			);
			name = "Supporting Files";
			sourceTree = "<group>";
		};
		20C152D41A9AD19F0099C7C3 /* A2-Read-JSONTests */ = {
			isa = PBXGroup;
			children = (
				20C152D71A9AD19F0099C7C3 /* A2_Read_JSONTests.m */,
				20C152D51A9AD19F0099C7C3 /* Supporting Files */,
			);
			path = "A2-Read-JSONTests";
			sourceTree = "<group>";
		};
		20C152D51A9AD19F0099C7C3 /* Supporting Files */ = {
			isa = PBXGroup;
			children = (
				20C152D61A9AD19F0099C7C3 /* Info.plist */,
			);
			name = "Supporting Files";
			sourceTree = "<group>";
		};
/* End PBXGroup section */

/* Begin PBXNativeTarget section */
		20C152B41A9AD19F0099C7C3 /* A2-Read-JSON */ = {
			isa = PBXNativeTarget;
			buildConfigurationList = 20C152DB1A9AD19F0099C7C3 /* Build configuration list for PBXNativeTarget "A2-Read-JSON" */;
			buildPhases = (
				20C152B11A9AD19F0099C7C3 /* Sources */,
				20C152B21A9AD19F0099C7C3 /* Frameworks */,
				20C152B31A9AD19F0099C7C3 /* Resources */,
			);
			buildRules = (
			);
			dependencies = (
			);
			name = "A2-Read-JSON";
			productName = "A2-Read-JSON";
			productReference = 20C152B51A9AD19F0099C7C3 /* A2-Read-JSON.app */;
			productType = "com.apple.product-type.application";
		};
		20C152D01A9AD19F0099C7C3 /* A2-Read-JSONTests */ = {
			isa = PBXNativeTarget;
			buildConfigurationList = 20C152DE1A9AD19F0099C7C3 /* Build configuration list for PBXNativeTarget "A2-Read-JSONTests" */;
			buildPhases = (
				20C152CD1A9AD19F0099C7C3 /* Sources */,
				20C152CE1A9AD19F0099C7C3 /* Frameworks */,
				20C152CF1A9AD19F0099C7C3 /* Resources */,
			);
			buildRules = (
			);
			dependencies = (
				20C152D31A9AD19F0099C7C3 /* PBXTargetDependency */,
			);
			name = "A2-Read-JSONTests";
			productName = "A2-Read-JSONTests";
			productReference = 20C152D11A9AD19F0099C7C3 /* A2-Read-JSONTests.xctest */;
			productType = "com.apple.product-type.bundle.unit-test";
		};
/* End PBXNativeTarget section */

/* Begin PBXProject section */
		20C152AD1A9AD19F0099C7C3 /* Project object */ = {
			isa = PBXProject;
			attributes = {
				LastUpgradeCheck = 0610;
				ORGANIZATIONNAME = "Steven Brice";
				TargetAttributes = {
					20C152B41A9AD19F0099C7C3 = {
						CreatedOnToolsVersion = 6.1.1;
					};
					20C152D01A9AD19F0099C7C3 = {
						CreatedOnToolsVersion = 6.1.1;
						TestTargetID = 20C152B41A9AD19F0099C7C3;
					};
				};
			};
			buildConfigurationList = 20C152B01A9AD19F0099C7C3 /* Build configuration list for PBXProject "A2-Read-JSON" */;
			compatibilityVersion = "Xcode 3.2";
			developmentRegion = English;
			hasScannedForEncodings = 0;
			knownRegions = (
				en,
				Base,
			);
			mainGroup = 20C152AC1A9AD19F0099C7C3;
			productRefGroup = 20C152B61A9AD19F0099C7C3 /* Products */;
			projectDirPath = "";
			projectRoot = "";
			targets = (
				20C152B41A9AD19F0099C7C3 /* A2-Read-JSON */,
				20C152D01A9AD19F0099C7C3 /* A2-Read-JSONTests */,
			);
		};
/* End PBXProject section */

/* Begin PBXResourcesBuildPhase section */
		20C152B31A9AD19F0099C7C3 /* Resources */ = {
			isa = PBXResourcesBuildPhase;
			buildActionMask = 2147483647;
			files = (
				20C152C71A9AD19F0099C7C3 /* Main.storyboard in Resources */,
				20C152CC1A9AD19F0099C7C3 /* LaunchScreen.xib in Resources */,
				20C152C91A9AD19F0099C7C3 /* Images.xcassets in Resources */,
			);
			runOnlyForDeploymentPostprocessing = 0;
		};
		20C152CF1A9AD19F0099C7C3 /* Resources */ = {
			isa = PBXResourcesBuildPhase;
			buildActionMask = 2147483647;
			files = (
			);
			runOnlyForDeploymentPostprocessing = 0;
		};
/* End PBXResourcesBuildPhase section */

/* Begin PBXSourcesBuildPhase section */
		20C152B11A9AD19F0099C7C3 /* Sources */ = {
			isa = PBXSourcesBuildPhase;
			buildActionMask = 2147483647;
			files = (
				20C152BE1A9AD19F0099C7C3 /* AppDelegate.m in Sources */,
				20C152C11A9AD19F0099C7C3 /* MasterViewController.m in Sources */,
				20C152BB1A9AD19F0099C7C3 /* main.m in Sources */,
				20C152C41A9AD19F0099C7C3 /* DetailViewController.m in Sources */,
			);
			runOnlyForDeploymentPostprocessing = 0;
		};
		20C152CD1A9AD19F0099C7C3 /* Sources */ = {
			isa = PBXSourcesBuildPhase;
			buildActionMask = 2147483647;
			files = (
				20C152D81A9AD19F0099C7C3 /* A2_Read_JSONTests.m in Sources */,
			);
			runOnlyForDeploymentPostprocessing = 0;
		};
/* End PBXSourcesBuildPhase section */

/* Begin PBXTargetDependency section */
		20C152D31A9AD19F0099C7C3 /* PBXTargetDependency */ = {
			isa = PBXTargetDependency;
			target = 20C152B41A9AD19F0099C7C3 /* A2-Read-JSON */;
			targetProxy = 20C152D21A9AD19F0099C7C3 /* PBXContainerItemProxy */;
		};
/* End PBXTargetDependency section */

/* Begin PBXVariantGroup section */
		20C152C51A9AD19F0099C7C3 /* Main.storyboard */ = {
			isa = PBXVariantGroup;
			children = (
				20C152C61A9AD19F0099C7C3 /* Base */,
			);
			name = Main.storyboard;
			sourceTree = "<group>";
		};
		20C152CA1A9AD19F0099C7C3 /* LaunchScreen.xib */ = {
			isa = PBXVariantGroup;
			children = (
				20C152CB1A9AD19F0099C7C3 /* Base */,
			);
			name = LaunchScreen.xib;
			sourceTree = "<group>";
		};
/* End PBXVariantGroup section */

/* Begin XCBuildConfiguration section */
		20C152D91A9AD19F0099C7C3 /* Debug */ = {
			isa = XCBuildConfiguration;
			buildSettings = {
				ALWAYS_SEARCH_USER_PATHS = NO;
				CLANG_CXX_LANGUAGE_STANDARD = "gnu++0x";
				CLANG_CXX_LIBRARY = "libc++";
				CLANG_ENABLE_MODULES = YES;
				CLANG_ENABLE_OBJC_ARC = YES;
				CLANG_WARN_BOOL_CONVERSION = YES;
				CLANG_WARN_CONSTANT_CONVERSION = YES;
				CLANG_WARN_DIRECT_OBJC_ISA_USAGE = YES_ERROR;
				CLANG_WARN_EMPTY_BODY = YES;
				CLANG_WARN_ENUM_CONVERSION = YES;
				CLANG_WARN_INT_CONVERSION = YES;
				CLANG_WARN_OBJC_ROOT_CLASS = YES_ERROR;
				CLANG_WARN_UNREACHABLE_CODE = YES;
				CLANG_WARN__DUPLICATE_METHOD_MATCH = YES;
				"CODE_SIGN_IDENTITY[sdk=iphoneos*]" = "iPhone Developer";
				COPY_PHASE_STRIP = NO;
				ENABLE_STRICT_OBJC_MSGSEND = YES;
				GCC_C_LANGUAGE_STANDARD = gnu99;
				GCC_DYNAMIC_NO_PIC = NO;
				GCC_OPTIMIZATION_LEVEL = 0;
				GCC_PREPROCESSOR_DEFINITIONS = (
					"DEBUG=1",
					"$(inherited)",
				);
				GCC_SYMBOLS_PRIVATE_EXTERN = NO;
				GCC_WARN_64_TO_32_BIT_CONVERSION = YES;
				GCC_WARN_ABOUT_RETURN_TYPE = YES_ERROR;
				GCC_WARN_UNDECLARED_SELECTOR = YES;
				GCC_WARN_UNINITIALIZED_AUTOS = YES_AGGRESSIVE;
				GCC_WARN_UNUSED_FUNCTION = YES;
				GCC_WARN_UNUSED_VARIABLE = YES;
				IPHONEOS_DEPLOYMENT_TARGET = 8.1;
				MTL_ENABLE_DEBUG_INFO = YES;
				ONLY_ACTIVE_ARCH = YES;
				SDKROOT = iphoneos;
				TARGETED_DEVICE_FAMILY = "1,2";
			};
			name = Debug;
		};
		20C152DA1A9AD19F0099C7C3 /* Release */ = {
			isa = XCBuildConfiguration;
			buildSettings = {
				ALWAYS_SEARCH_USER_PATHS = NO;
				CLANG_CXX_LANGUAGE_STANDARD = "gnu++0x";
				CLANG_CXX_LIBRARY = "libc++";
				CLANG_ENABLE_MODULES = YES;
				CLANG_ENABLE_OBJC_ARC = YES;
				CLANG_WARN_BOOL_CONVERSION = YES;
				CLANG_WARN_CONSTANT_CONVERSION = YES;
				CLANG_WARN_DIRECT_OBJC_ISA_USAGE = YES_ERROR;
				CLANG_WARN_EMPTY_BODY = YES;
				CLANG_WARN_ENUM_CONVERSION = YES;
				CLANG_WARN_INT_CONVERSION = YES;
				CLANG_WARN_OBJC_ROOT_CLASS = YES_ERROR;
				CLANG_WARN_UNREACHABLE_CODE = YES;
				CLANG_WARN__DUPLICATE_METHOD_MATCH = YES;
				"CODE_SIGN_IDENTITY[sdk=iphoneos*]" = "iPhone Developer";
				COPY_PHASE_STRIP = YES;
				ENABLE_NS_ASSERTIONS = NO;
				ENABLE_STRICT_OBJC_MSGSEND = YES;
				GCC_C_LANGUAGE_STANDARD = gnu99;
				GCC_WARN_64_TO_32_BIT_CONVERSION = YES;
				GCC_WARN_ABOUT_RETURN_TYPE = YES_ERROR;
				GCC_WARN_UNDECLARED_SELECTOR = YES;
				GCC_WARN_UNINITIALIZED_AUTOS = YES_AGGRESSIVE;
				GCC_WARN_UNUSED_FUNCTION = YES;
				GCC_WARN_UNUSED_VARIABLE = YES;
				IPHONEOS_DEPLOYMENT_TARGET = 8.1;
				MTL_ENABLE_DEBUG_INFO = NO;
				SDKROOT = iphoneos;
				TARGETED_DEVICE_FAMILY = "1,2";
				VALIDATE_PRODUCT = YES;
			};
			name = Release;
		};
		20C152DC1A9AD19F0099C7C3 /* Debug */ = {
			isa = XCBuildConfiguration;
			buildSettings = {
				ASSETCATALOG_COMPILER_APPICON_NAME = AppIcon;
				INFOPLIST_FILE = "A2-Read-JSON/Info.plist";
				LD_RUNPATH_SEARCH_PATHS = "$(inherited) @executable_path/Frameworks";
				PRODUCT_NAME = "$(TARGET_NAME)";
			};
			name = Debug;
		};
		20C152DD1A9AD19F0099C7C3 /* Release */ = {
			isa = XCBuildConfiguration;
			buildSettings = {
				ASSETCATALOG_COMPILER_APPICON_NAME = AppIcon;
				INFOPLIST_FILE = "A2-Read-JSON/Info.plist";
				LD_RUNPATH_SEARCH_PATHS = "$(inherited) @executable_path/Frameworks";
				PRODUCT_NAME = "$(TARGET_NAME)";
			};
			name = Release;
		};
		20C152DF1A9AD19F0099C7C3 /* Debug */ = {
			isa = XCBuildConfiguration;
			buildSettings = {
				BUNDLE_LOADER = "$(TEST_HOST)";
				FRAMEWORK_SEARCH_PATHS = (
					"$(SDKROOT)/Developer/Library/Frameworks",
					"$(inherited)",
				);
				GCC_PREPROCESSOR_DEFINITIONS = (
					"DEBUG=1",
					"$(inherited)",
				);
				INFOPLIST_FILE = "A2-Read-JSONTests/Info.plist";
				LD_RUNPATH_SEARCH_PATHS = "$(inherited) @executable_path/Frameworks @loader_path/Frameworks";
				PRODUCT_NAME = "$(TARGET_NAME)";
				TEST_HOST = "$(BUILT_PRODUCTS_DIR)/A2-Read-JSON.app/A2-Read-JSON";
			};
			name = Debug;
		};
		20C152E01A9AD19F0099C7C3 /* Release */ = {
			isa = XCBuildConfiguration;
			buildSettings = {
				BUNDLE_LOADER = "$(TEST_HOST)";
				FRAMEWORK_SEARCH_PATHS = (
					"$(SDKROOT)/Developer/Library/Frameworks",
					"$(inherited)",
				);
				INFOPLIST_FILE = "A2-Read-JSONTests/Info.plist";
				LD_RUNPATH_SEARCH_PATHS = "$(inherited) @executable_path/Frameworks @loader_path/Frameworks";
				PRODUCT_NAME = "$(TARGET_NAME)";
				TEST_HOST = "$(BUILT_PRODUCTS_DIR)/A2-Read-JSON.app/A2-Read-JSON";
			};
			name = Release;
		};
/* End XCBuildConfiguration section */

/* Begin XCConfigurationList section */
		20C152B01A9AD19F0099C7C3 /* Build configuration list for PBXProject "A2-Read-JSON" */ = {
			isa = XCConfigurationList;
			buildConfigurations = (
				20C152D91A9AD19F0099C7C3 /* Debug */,
				20C152DA1A9AD19F0099C7C3 /* Release */,
			);
			defaultConfigurationIsVisible = 0;
			defaultConfigurationName = Release;
		};
		20C152DB1A9AD19F0099C7C3 /* Build configuration list for PBXNativeTarget "A2-Read-JSON" */ = {
			isa = XCConfigurationList;
			buildConfigurations = (
				20C152DC1A9AD19F0099C7C3 /* Debug */,
				20C152DD1A9AD19F0099C7C3 /* Release */,
			);
			defaultConfigurationIsVisible = 0;
		};
		20C152DE1A9AD19F0099C7C3 /* Build configuration list for PBXNativeTarget "A2-Read-JSONTests" */ = {
			isa = XCConfigurationList;
			buildConfigurations = (
				20C152DF1A9AD19F0099C7C3 /* Debug */,
				20C152E01A9AD19F0099C7C3 /* Release */,
			);
			defaultConfigurationIsVisible = 0;
		};
/* End XCConfigurationList section */
	};
	rootObject = 20C152AD1A9AD19F0099C7C3 /* Project object */;
}
